
Microsoft Visual Studio Solution File, Format Version 12.00
# Visual Studio Version 16
VisualStudioVersion = 16.0.36602.28
MinimumVisualStudioVersion = 10.0.40219.1
Project("{FAE04EC0-301F-11D3-BF4B-00C04F79EFBC}") = "KukaQRCodeGenerationTools2026", "KukaQRCodeGenerationTools2026\KukaQRCodeGenerationTools2026.csproj", "{66481344-681E-4C04-991D-AF42E41356D3}"
EndProject
Global
	GlobalSection(SolutionConfigurationPlatforms) = preSolution
		Debug|Any CPU = Debug|Any CPU
		Release|Any CPU = Release|Any CPU
	EndGlobalSection
	GlobalSection(ProjectConfigurationPlatforms) = postSolution
		{66481344-681E-4C04-991D-AF42E41356D3}.Debug|Any CPU.ActiveCfg = Debug|Any CPU
		{66481344-681E-4C04-991D-AF42E41356D3}.Debug|Any CPU.Build.0 = Debug|Any CPU
		{66481344-681E-4C04-991D-AF42E41356D3}.Release|Any CPU.ActiveCfg = Release|Any CPU
		{66481344-681E-4C04-991D-AF42E41356D3}.Release|Any CPU.Build.0 = Release|Any CPU
	EndGlobalSection
	GlobalSection(SolutionProperties) = preSolution
		HideSolutionNode = FALSE
	EndGlobalSection
	GlobalSection(ExtensibilityGlobals) = postSolution
		SolutionGuid = {4190C514-D28E-4296-B9DB-22CDFA3990FD}
	EndGlobalSection
EndGlobal
